
Microsoft Visual Studio Solution File, Format Version 12.00
# Visual Studio 15
VisualStudioVersion = 15.0.27130.2027
MinimumVisualStudioVersion = 10.0.40219.1
Project("{F184B08F-C81C-45F6-A57F-5ABD9991F28F}") = "DesignPatternVBNet", "src\DesignPatternVBNet\DesignPatternVBNet.vbproj", "{BD6CC482-F918-4249-A6B2-A9E1EEA8FDFD}"
EndProject
Project("{FAE04EC0-301F-11D3-BF4B-00C04F79EFBC}") = "DesignPatternCSharp", "src\DesignPatternCSharp\DesignPatternCSharp.csproj", "{591801BF-A11E-4A2A-9B0D-C6B0CAD520EE}"
EndProject
Project("{FAE04EC0-301F-11D3-BF4B-00C04F79EFBC}") = "DesignPatternCSharp.Commands", "src\DesignPatternCSharp.Commands\DesignPatternCSharp.Commands.csproj", "{F99748E7-2D70-46A8-AEEC-B2C5A6292AA8}"
EndProject
Project("{FAE04EC0-301F-11D3-BF4B-00C04F79EFBC}") = "DesignPatternCSharp.Decorates", "src\DesignPatternCSharp.Decorates\DesignPatternCSharp.Decorates.csproj", "{D75CA164-02F6-48A2-9303-864AFD2EDFC6}"
EndProject
Project("{FAE04EC0-301F-11D3-BF4B-00C04F79EFBC}") = "DesignPatternCSharp.Factorys.AbstractFactories", "src\DesignPatternCSharp.Factorys.AbstractFactories\DesignPatternCSharp.Factorys.AbstractFactories.csproj", "{D3BDD805-8AE0-4C9E-BFC2-671FC49ABC5E}"
EndProject
Project("{FAE04EC0-301F-11D3-BF4B-00C04F79EFBC}") = "DesignPatternCSharp.Factorys.Ioc", "src\DesignPatternCSharp.Factorys.Ioc\DesignPatternCSharp.Factorys.Ioc.csproj", "{BD78D29C-2D2B-4E04-A7DE-3A7527F82C60}"
EndProject
Project("{FAE04EC0-301F-11D3-BF4B-00C04F79EFBC}") = "DesignPatternCSharp.Factorys.SimpleFactories", "src\DesignPatternCSharp.Factorys.SimpleFactories\DesignPatternCSharp.Factorys.SimpleFactories.csproj", "{8E9E4AA6-8FC1-4873-8E09-E79F60B16721}"
EndProject
Project("{FAE04EC0-301F-11D3-BF4B-00C04F79EFBC}") = "DesignPatternCSharp.Observers", "src\DesignPatternCSharp.Observers\DesignPatternCSharp.Observers.csproj", "{A9FD1E8D-C72F-43E6-9B0E-E0B447D0B374}"
EndProject
Project("{FAE04EC0-301F-11D3-BF4B-00C04F79EFBC}") = "DesignPatternCSharp.Sigletons", "src\DesignPatternCSharp.Sigletons\DesignPatternCSharp.Sigletons.csproj", "{C314E48F-9059-4E60-A885-A43F8E2F60CD}"
EndProject
Project("{FAE04EC0-301F-11D3-BF4B-00C04F79EFBC}") = "DesignPatternCSharp.Strategys.Oop", "src\DesignPatternCSharp.Strategys.Oop\DesignPatternCSharp.Strategys.Oop.csproj", "{DB575048-80B5-4ECC-8958-566FE15DC18E}"
EndProject
Project("{FAE04EC0-301F-11D3-BF4B-00C04F79EFBC}") = "DesignPatternCSharp.Strategys.OopAndFp", "src\DesignPatternCSharp.Strategys.OopAndFp\DesignPatternCSharp.Strategys.OopAndFp.csproj", "{3420AB15-34CB-420D-A2D5-FF6979C8972F}"
EndProject
Global
	GlobalSection(SolutionConfigurationPlatforms) = preSolution
		Debug|Any CPU = Debug|Any CPU
		Release|Any CPU = Release|Any CPU
	EndGlobalSection
	GlobalSection(ProjectConfigurationPlatforms) = postSolution
		{BD6CC482-F918-4249-A6B2-A9E1EEA8FDFD}.Debug|Any CPU.ActiveCfg = Debug|Any CPU
		{BD6CC482-F918-4249-A6B2-A9E1EEA8FDFD}.Debug|Any CPU.Build.0 = Debug|Any CPU
		{BD6CC482-F918-4249-A6B2-A9E1EEA8FDFD}.Release|Any CPU.ActiveCfg = Release|Any CPU
		{BD6CC482-F918-4249-A6B2-A9E1EEA8FDFD}.Release|Any CPU.Build.0 = Release|Any CPU
		{591801BF-A11E-4A2A-9B0D-C6B0CAD520EE}.Debug|Any CPU.ActiveCfg = Debug|Any CPU
		{591801BF-A11E-4A2A-9B0D-C6B0CAD520EE}.Debug|Any CPU.Build.0 = Debug|Any CPU
		{591801BF-A11E-4A2A-9B0D-C6B0CAD520EE}.Release|Any CPU.ActiveCfg = Release|Any CPU
		{591801BF-A11E-4A2A-9B0D-C6B0CAD520EE}.Release|Any CPU.Build.0 = Release|Any CPU
		{F99748E7-2D70-46A8-AEEC-B2C5A6292AA8}.Debug|Any CPU.ActiveCfg = Debug|Any CPU
		{F99748E7-2D70-46A8-AEEC-B2C5A6292AA8}.Debug|Any CPU.Build.0 = Debug|Any CPU
		{F99748E7-2D70-46A8-AEEC-B2C5A6292AA8}.Release|Any CPU.ActiveCfg = Release|Any CPU
		{F99748E7-2D70-46A8-AEEC-B2C5A6292AA8}.Release|Any CPU.Build.0 = Release|Any CPU
		{D75CA164-02F6-48A2-9303-864AFD2EDFC6}.Debug|Any CPU.ActiveCfg = Debug|Any CPU
		{D75CA164-02F6-48A2-9303-864AFD2EDFC6}.Debug|Any CPU.Build.0 = Debug|Any CPU
		{D75CA164-02F6-48A2-9303-864AFD2EDFC6}.Release|Any CPU.ActiveCfg = Release|Any CPU
		{D75CA164-02F6-48A2-9303-864AFD2EDFC6}.Release|Any CPU.Build.0 = Release|Any CPU
		{D3BDD805-8AE0-4C9E-BFC2-671FC49ABC5E}.Debug|Any CPU.ActiveCfg = Debug|Any CPU
		{D3BDD805-8AE0-4C9E-BFC2-671FC49ABC5E}.Debug|Any CPU.Build.0 = Debug|Any CPU
		{D3BDD805-8AE0-4C9E-BFC2-671FC49ABC5E}.Release|Any CPU.ActiveCfg = Release|Any CPU
		{D3BDD805-8AE0-4C9E-BFC2-671FC49ABC5E}.Release|Any CPU.Build.0 = Release|Any CPU
		{BD78D29C-2D2B-4E04-A7DE-3A7527F82C60}.Debug|Any CPU.ActiveCfg = Debug|Any CPU
		{BD78D29C-2D2B-4E04-A7DE-3A7527F82C60}.Debug|Any CPU.Build.0 = Debug|Any CPU
		{BD78D29C-2D2B-4E04-A7DE-3A7527F82C60}.Release|Any CPU.ActiveCfg = Release|Any CPU
		{BD78D29C-2D2B-4E04-A7DE-3A7527F82C60}.Release|Any CPU.Build.0 = Release|Any CPU
		{8E9E4AA6-8FC1-4873-8E09-E79F60B16721}.Debug|Any CPU.ActiveCfg = Debug|Any CPU
		{8E9E4AA6-8FC1-4873-8E09-E79F60B16721}.Debug|Any CPU.Build.0 = Debug|Any CPU
		{8E9E4AA6-8FC1-4873-8E09-E79F60B16721}.Release|Any CPU.ActiveCfg = Release|Any CPU
		{8E9E4AA6-8FC1-4873-8E09-E79F60B16721}.Release|Any CPU.Build.0 = Release|Any CPU
		{A9FD1E8D-C72F-43E6-9B0E-E0B447D0B374}.Debug|Any CPU.ActiveCfg = Debug|Any CPU
		{A9FD1E8D-C72F-43E6-9B0E-E0B447D0B374}.Debug|Any CPU.Build.0 = Debug|Any CPU
		{A9FD1E8D-C72F-43E6-9B0E-E0B447D0B374}.Release|Any CPU.ActiveCfg = Release|Any CPU
		{A9FD1E8D-C72F-43E6-9B0E-E0B447D0B374}.Release|Any CPU.Build.0 = Release|Any CPU
		{C314E48F-9059-4E60-A885-A43F8E2F60CD}.Debug|Any CPU.ActiveCfg = Debug|Any CPU
		{C314E48F-9059-4E60-A885-A43F8E2F60CD}.Debug|Any CPU.Build.0 = Debug|Any CPU
		{C314E48F-9059-4E60-A885-A43F8E2F60CD}.Release|Any CPU.ActiveCfg = Release|Any CPU
		{C314E48F-9059-4E60-A885-A43F8E2F60CD}.Release|Any CPU.Build.0 = Release|Any CPU
		{DB575048-80B5-4ECC-8958-566FE15DC18E}.Debug|Any CPU.ActiveCfg = Debug|Any CPU
		{DB575048-80B5-4ECC-8958-566FE15DC18E}.Debug|Any CPU.Build.0 = Debug|Any CPU
		{DB575048-80B5-4ECC-8958-566FE15DC18E}.Release|Any CPU.ActiveCfg = Release|Any CPU
		{DB575048-80B5-4ECC-8958-566FE15DC18E}.Release|Any CPU.Build.0 = Release|Any CPU
		{3420AB15-34CB-420D-A2D5-FF6979C8972F}.Debug|Any CPU.ActiveCfg = Debug|Any CPU
		{3420AB15-34CB-420D-A2D5-FF6979C8972F}.Debug|Any CPU.Build.0 = Debug|Any CPU
		{3420AB15-34CB-420D-A2D5-FF6979C8972F}.Release|Any CPU.ActiveCfg = Release|Any CPU
		{3420AB15-34CB-420D-A2D5-FF6979C8972F}.Release|Any CPU.Build.0 = Release|Any CPU
	EndGlobalSection
	GlobalSection(SolutionProperties) = preSolution
		HideSolutionNode = FALSE
	EndGlobalSection
	GlobalSection(ExtensibilityGlobals) = postSolution
		SolutionGuid = {28F7AD99-3EF6-41E0-8E54-25AF33060B54}
	EndGlobalSection
EndGlobal
